
Microsoft Visual Studio Solution File, Format Version 12.00
# Visual Studio Version 17
VisualStudioVersion = 17.7.34202.233
MinimumVisualStudioVersion = 10.0.40219.1
Project("{9A19103F-16F7-4668-BE54-9A1E7A4F7556}") = "iikoTestPlugin", "iikoTestPlugin\iikoTestPlugin.csproj", "{E3903A3F-2B50-4120-9431-63F1B2178253}"
EndProject
Project("{FAE04EC0-301F-11D3-BF4B-00C04F79EFBC}") = "iikoTestServer", "iikoTestServer\iikoTestServer.csproj", "{2876DDB9-72E8-4E2F-8CCF-873532038601}"
EndProject
Global
	GlobalSection(SolutionConfigurationPlatforms) = preSolution
		Debug|Any CPU = Debug|Any CPU
		Release|Any CPU = Release|Any CPU
	EndGlobalSection
	GlobalSection(ProjectConfigurationPlatforms) = postSolution
		{E3903A3F-2B50-4120-9431-63F1B2178253}.Debug|Any CPU.ActiveCfg = Debug|Any CPU
		{E3903A3F-2B50-4120-9431-63F1B2178253}.Debug|Any CPU.Build.0 = Debug|Any CPU
		{E3903A3F-2B50-4120-9431-63F1B2178253}.Release|Any CPU.ActiveCfg = Release|Any CPU
		{E3903A3F-2B50-4120-9431-63F1B2178253}.Release|Any CPU.Build.0 = Release|Any CPU
		{2876DDB9-72E8-4E2F-8CCF-873532038601}.Debug|Any CPU.ActiveCfg = Debug|Any CPU
		{2876DDB9-72E8-4E2F-8CCF-873532038601}.Debug|Any CPU.Build.0 = Debug|Any CPU
		{2876DDB9-72E8-4E2F-8CCF-873532038601}.Release|Any CPU.ActiveCfg = Release|Any CPU
		{2876DDB9-72E8-4E2F-8CCF-873532038601}.Release|Any CPU.Build.0 = Release|Any CPU
	EndGlobalSection
	GlobalSection(SolutionProperties) = preSolution
		HideSolutionNode = FALSE
	EndGlobalSection
	GlobalSection(ExtensibilityGlobals) = postSolution
		SolutionGuid = {6757F30F-4BEA-43B7-B52D-2E1EF39FE4E6}
	EndGlobalSection
EndGlobal
